// !$*UTF8*$!
{
	archiveVersion = 1;
	classes = {
	};
	objectVersion = 46;
	objects = {

/* Begin PBXBuildFile section */
		2AF56DEC19BDCC4400383958 /* AppDelegate.swift in Sources */ = {isa = PBXBuildFile; fileRef = 2AF56DEB19BDCC4400383958 /* AppDelegate.swift */; };
		2AF56DEE19BDCC4400383958 /* ViewController.swift in Sources */ = {isa = PBXBuildFile; fileRef = 2AF56DED19BDCC4400383958 /* ViewController.swift */; };
		2AF56DF119BDCC4400383958 /* Main.storyboard in Resources */ = {isa = PBXBuildFile; fileRef = 2AF56DEF19BDCC4400383958 /* Main.storyboard */; };
		2AF56DF319BDCC4400383958 /* Images.xcassets in Resources */ = {isa = PBXBuildFile; fileRef = 2AF56DF219BDCC4400383958 /* Images.xcassets */; };
		2AF56DFF19BDCC4400383958 /* Web_Service_ExampleTests.swift in Sources */ = {isa = PBXBuildFile; fileRef = 2AF56DFE19BDCC4400383958 /* Web_Service_ExampleTests.swift */; };
		2AF56E1C19BDCCCE00383958 /* AFHTTPRequestOperation.m in Sources */ = {isa = PBXBuildFile; fileRef = 2AF56E0A19BDCCCE00383958 /* AFHTTPRequestOperation.m */; };
		2AF56E1D19BDCCCE00383958 /* AFHTTPRequestOperationManager.m in Sources */ = {isa = PBXBuildFile; fileRef = 2AF56E0C19BDCCCE00383958 /* AFHTTPRequestOperationManager.m */; };
		2AF56E1E19BDCCCE00383958 /* AFHTTPSessionManager.m in Sources */ = {isa = PBXBuildFile; fileRef = 2AF56E0E19BDCCCE00383958 /* AFHTTPSessionManager.m */; };
		2AF56E1F19BDCCCE00383958 /* AFNetworkReachabilityManager.m in Sources */ = {isa = PBXBuildFile; fileRef = 2AF56E1119BDCCCE00383958 /* AFNetworkReachabilityManager.m */; };
		2AF56E2019BDCCCE00383958 /* AFSecurityPolicy.m in Sources */ = {isa = PBXBuildFile; fileRef = 2AF56E1319BDCCCE00383958 /* AFSecurityPolicy.m */; };
		2AF56E2119BDCCCE00383958 /* AFURLConnectionOperation.m in Sources */ = {isa = PBXBuildFile; fileRef = 2AF56E1519BDCCCE00383958 /* AFURLConnectionOperation.m */; };
		2AF56E2219BDCCCE00383958 /* AFURLRequestSerialization.m in Sources */ = {isa = PBXBuildFile; fileRef = 2AF56E1719BDCCCE00383958 /* AFURLRequestSerialization.m */; };
		2AF56E2319BDCCCE00383958 /* AFURLResponseSerialization.m in Sources */ = {isa = PBXBuildFile; fileRef = 2AF56E1919BDCCCE00383958 /* AFURLResponseSerialization.m */; };
		2AF56E2419BDCCCE00383958 /* AFURLSessionManager.m in Sources */ = {isa = PBXBuildFile; fileRef = 2AF56E1B19BDCCCE00383958 /* AFURLSessionManager.m */; };
/* End PBXBuildFile section */

/* Begin PBXContainerItemProxy section */
		2AF56DF919BDCC4400383958 /* PBXContainerItemProxy */ = {
			isa = PBXContainerItemProxy;
			containerPortal = 2AF56DDE19BDCC4400383958 /* Project object */;
			proxyType = 1;
			remoteGlobalIDString = 2AF56DE519BDCC4400383958;
			remoteInfo = "Web Service Example";
		};
/* End PBXContainerItemProxy section */

/* Begin PBXFileReference section */
		2AF56DE619BDCC4400383958 /* Web Service Example.app */ = {isa = PBXFileReference; explicitFileType = wrapper.application; includeInIndex = 0; path = "Web Service Example.app"; sourceTree = BUILT_PRODUCTS_DIR; };
		2AF56DEA19BDCC4400383958 /* Info.plist */ = {isa = PBXFileReference; lastKnownFileType = text.plist.xml; path = Info.plist; sourceTree = "<group>"; };
		2AF56DEB19BDCC4400383958 /* AppDelegate.swift */ = {isa = PBXFileReference; lastKnownFileType = sourcecode.swift; path = AppDelegate.swift; sourceTree = "<group>"; };
		2AF56DED19BDCC4400383958 /* ViewController.swift */ = {isa = PBXFileReference; lastKnownFileType = sourcecode.swift; path = ViewController.swift; sourceTree = "<group>"; };
		2AF56DF019BDCC4400383958 /* Base */ = {isa = PBXFileReference; lastKnownFileType = file.storyboard; name = Base; path = Base.lproj/Main.storyboard; sourceTree = "<group>"; };
		2AF56DF219BDCC4400383958 /* Images.xcassets */ = {isa = PBXFileReference; lastKnownFileType = folder.assetcatalog; path = Images.xcassets; sourceTree = "<group>"; };
		2AF56DF819BDCC4400383958 /* Web Service ExampleTests.xctest */ = {isa = PBXFileReference; explicitFileType = wrapper.cfbundle; includeInIndex = 0; path = "Web Service ExampleTests.xctest"; sourceTree = BUILT_PRODUCTS_DIR; };
		2AF56DFD19BDCC4400383958 /* Info.plist */ = {isa = PBXFileReference; lastKnownFileType = text.plist.xml; path = Info.plist; sourceTree = "<group>"; };
		2AF56DFE19BDCC4400383958 /* Web_Service_ExampleTests.swift */ = {isa = PBXFileReference; lastKnownFileType = sourcecode.swift; path = Web_Service_ExampleTests.swift; sourceTree = "<group>"; };
		2AF56E0919BDCCCE00383958 /* AFHTTPRequestOperation.h */ = {isa = PBXFileReference; fileEncoding = 4; lastKnownFileType = sourcecode.c.h; path = AFHTTPRequestOperation.h; sourceTree = "<group>"; };
		2AF56E0A19BDCCCE00383958 /* AFHTTPRequestOperation.m */ = {isa = PBXFileReference; fileEncoding = 4; lastKnownFileType = sourcecode.c.objc; path = AFHTTPRequestOperation.m; sourceTree = "<group>"; };
		2AF56E0B19BDCCCE00383958 /* AFHTTPRequestOperationManager.h */ = {isa = PBXFileReference; fileEncoding = 4; lastKnownFileType = sourcecode.c.h; path = AFHTTPRequestOperationManager.h; sourceTree = "<group>"; };
		2AF56E0C19BDCCCE00383958 /* AFHTTPRequestOperationManager.m */ = {isa = PBXFileReference; fileEncoding = 4; lastKnownFileType = sourcecode.c.objc; path = AFHTTPRequestOperationManager.m; sourceTree = "<group>"; };
		2AF56E0D19BDCCCE00383958 /* AFHTTPSessionManager.h */ = {isa = PBXFileReference; fileEncoding = 4; lastKnownFileType = sourcecode.c.h; path = AFHTTPSessionManager.h; sourceTree = "<group>"; };
		2AF56E0E19BDCCCE00383958 /* AFHTTPSessionManager.m */ = {isa = PBXFileReference; fileEncoding = 4; lastKnownFileType = sourcecode.c.objc; path = AFHTTPSessionManager.m; sourceTree = "<group>"; };
		2AF56E0F19BDCCCE00383958 /* AFNetworking.h */ = {isa = PBXFileReference; fileEncoding = 4; lastKnownFileType = sourcecode.c.h; path = AFNetworking.h; sourceTree = "<group>"; };
		2AF56E1019BDCCCE00383958 /* AFNetworkReachabilityManager.h */ = {isa = PBXFileReference; fileEncoding = 4; lastKnownFileType = sourcecode.c.h; path = AFNetworkReachabilityManager.h; sourceTree = "<group>"; };
		2AF56E1119BDCCCE00383958 /* AFNetworkReachabilityManager.m */ = {isa = PBXFileReference; fileEncoding = 4; lastKnownFileType = sourcecode.c.objc; path = AFNetworkReachabilityManager.m; sourceTree = "<group>"; };
		2AF56E1219BDCCCE00383958 /* AFSecurityPolicy.h */ = {isa = PBXFileReference; fileEncoding = 4; lastKnownFileType = sourcecode.c.h; path = AFSecurityPolicy.h; sourceTree = "<group>"; };
		2AF56E1319BDCCCE00383958 /* AFSecurityPolicy.m */ = {isa = PBXFileReference; fileEncoding = 4; lastKnownFileType = sourcecode.c.objc; path = AFSecurityPolicy.m; sourceTree = "<group>"; };
		2AF56E1419BDCCCE00383958 /* AFURLConnectionOperation.h */ = {isa = PBXFileReference; fileEncoding = 4; lastKnownFileType = sourcecode.c.h; path = AFURLConnectionOperation.h; sourceTree = "<group>"; };
		2AF56E1519BDCCCE00383958 /* AFURLConnectionOperation.m */ = {isa = PBXFileReference; fileEncoding = 4; lastKnownFileType = sourcecode.c.objc; path = AFURLConnectionOperation.m; sourceTree = "<group>"; };
		2AF56E1619BDCCCE00383958 /* AFURLRequestSerialization.h */ = {isa = PBXFileReference; fileEncoding = 4; lastKnownFileType = sourcecode.c.h; path = AFURLRequestSerialization.h; sourceTree = "<group>"; };
		2AF56E1719BDCCCE00383958 /* AFURLRequestSerialization.m */ = {isa = PBXFileReference; fileEncoding = 4; lastKnownFileType = sourcecode.c.objc; path = AFURLRequestSerialization.m; sourceTree = "<group>"; };
		2AF56E1819BDCCCE00383958 /* AFURLResponseSerialization.h */ = {isa = PBXFileReference; fileEncoding = 4; lastKnownFileType = sourcecode.c.h; path = AFURLResponseSerialization.h; sourceTree = "<group>"; };
		2AF56E1919BDCCCE00383958 /* AFURLResponseSerialization.m */ = {isa = PBXFileReference; fileEncoding = 4; lastKnownFileType = sourcecode.c.objc; path = AFURLResponseSerialization.m; sourceTree = "<group>"; };
		2AF56E1A19BDCCCE00383958 /* AFURLSessionManager.h */ = {isa = PBXFileReference; fileEncoding = 4; lastKnownFileType = sourcecode.c.h; path = AFURLSessionManager.h; sourceTree = "<group>"; };
		2AF56E1B19BDCCCE00383958 /* AFURLSessionManager.m */ = {isa = PBXFileReference; fileEncoding = 4; lastKnownFileType = sourcecode.c.objc; path = AFURLSessionManager.m; sourceTree = "<group>"; };
		2AF56E2519BDCD1900383958 /* bridge.h */ = {isa = PBXFileReference; lastKnownFileType = sourcecode.c.h; name = bridge.h; path = ../bridge.h; sourceTree = "<group>"; };
/* End PBXFileReference section */

/* Begin PBXFrameworksBuildPhase section */
		2AF56DE319BDCC4400383958 /* Frameworks */ = {
			isa = PBXFrameworksBuildPhase;
			buildActionMask = 2147483647;
			files = (
			);
			runOnlyForDeploymentPostprocessing = 0;
		};
		2AF56DF519BDCC4400383958 /* Frameworks */ = {
			isa = PBXFrameworksBuildPhase;
			buildActionMask = 2147483647;
			files = (
			);
			runOnlyForDeploymentPostprocessing = 0;
		};
/* End PBXFrameworksBuildPhase section */

/* Begin PBXGroup section */
		2AF56DDD19BDCC4400383958 = {
			isa = PBXGroup;
			children = (
				2AF56E0819BDCCCE00383958 /* AFNetworking */,
				2AF56DE819BDCC4400383958 /* Web Service Example */,
				2AF56DFB19BDCC4400383958 /* Web Service ExampleTests */,
				2AF56DE719BDCC4400383958 /* Products */,
			);
			sourceTree = "<group>";
		};
		2AF56DE719BDCC4400383958 /* Products */ = {
			isa = PBXGroup;
			children = (
				2AF56DE619BDCC4400383958 /* Web Service Example.app */,
				2AF56DF819BDCC4400383958 /* Web Service ExampleTests.xctest */,
			);
			name = Products;
			sourceTree = "<group>";
		};
		2AF56DE819BDCC4400383958 /* Web Service Example */ = {
			isa = PBXGroup;
			children = (
				2AF56E2519BDCD1900383958 /* bridge.h */,
				2AF56DEB19BDCC4400383958 /* AppDelegate.swift */,
				2AF56DED19BDCC4400383958 /* ViewController.swift */,
				2AF56DEF19BDCC4400383958 /* Main.storyboard */,
				2AF56DF219BDCC4400383958 /* Images.xcassets */,
				2AF56DE919BDCC4400383958 /* Supporting Files */,
			);
			path = "Web Service Example";
			sourceTree = "<group>";
		};
		2AF56DE919BDCC4400383958 /* Supporting Files */ = {
			isa = PBXGroup;
			children = (
				2AF56DEA19BDCC4400383958 /* Info.plist */,
			);
			name = "Supporting Files";
			sourceTree = "<group>";
		};
		2AF56DFB19BDCC4400383958 /* Web Service ExampleTests */ = {
			isa = PBXGroup;
			children = (
				2AF56DFE19BDCC4400383958 /* Web_Service_ExampleTests.swift */,
				2AF56DFC19BDCC4400383958 /* Supporting Files */,
			);
			path = "Web Service ExampleTests";
			sourceTree = "<group>";
		};
		2AF56DFC19BDCC4400383958 /* Supporting Files */ = {
			isa = PBXGroup;
			children = (
				2AF56DFD19BDCC4400383958 /* Info.plist */,
			);
			name = "Supporting Files";
			sourceTree = "<group>";
		};
		2AF56E0819BDCCCE00383958 /* AFNetworking */ = {
			isa = PBXGroup;
			children = (
				2AF56E0919BDCCCE00383958 /* AFHTTPRequestOperation.h */,
				2AF56E0A19BDCCCE00383958 /* AFHTTPRequestOperation.m */,
				2AF56E0B19BDCCCE00383958 /* AFHTTPRequestOperationManager.h */,
				2AF56E0C19BDCCCE00383958 /* AFHTTPRequestOperationManager.m */,
				2AF56E0D19BDCCCE00383958 /* AFHTTPSessionManager.h */,
				2AF56E0E19BDCCCE00383958 /* AFHTTPSessionManager.m */,
				2AF56E0F19BDCCCE00383958 /* AFNetworking.h */,
				2AF56E1019BDCCCE00383958 /* AFNetworkReachabilityManager.h */,
				2AF56E1119BDCCCE00383958 /* AFNetworkReachabilityManager.m */,
				2AF56E1219BDCCCE00383958 /* AFSecurityPolicy.h */,
				2AF56E1319BDCCCE00383958 /* AFSecurityPolicy.m */,
				2AF56E1419BDCCCE00383958 /* AFURLConnectionOperation.h */,
				2AF56E1519BDCCCE00383958 /* AFURLConnectionOperation.m */,
				2AF56E1619BDCCCE00383958 /* AFURLRequestSerialization.h */,
				2AF56E1719BDCCCE00383958 /* AFURLRequestSerialization.m */,
				2AF56E1819BDCCCE00383958 /* AFURLResponseSerialization.h */,
				2AF56E1919BDCCCE00383958 /* AFURLResponseSerialization.m */,
				2AF56E1A19BDCCCE00383958 /* AFURLSessionManager.h */,
				2AF56E1B19BDCCCE00383958 /* AFURLSessionManager.m */,
			);
			name = AFNetworking;
			path = AFNetworking/AFNetworking;
			sourceTree = "<group>";
		};
/* End PBXGroup section */

/* Begin PBXNativeTarget section */
		2AF56DE519BDCC4400383958 /* Web Service Example */ = {
			isa = PBXNativeTarget;
			buildConfigurationList = 2AF56E0219BDCC4400383958 /* Build configuration list for PBXNativeTarget "Web Service Example" */;
			buildPhases = (
				2AF56DE219BDCC4400383958 /* Sources */,
				2AF56DE319BDCC4400383958 /* Frameworks */,
				2AF56DE419BDCC4400383958 /* Resources */,
			);
			buildRules = (
			);
			dependencies = (
			);
			name = "Web Service Example";
			productName = "Web Service Example";
			productReference = 2AF56DE619BDCC4400383958 /* Web Service Example.app */;
			productType = "com.apple.product-type.application";
		};
		2AF56DF719BDCC4400383958 /* Web Service ExampleTests */ = {
			isa = PBXNativeTarget;
			buildConfigurationList = 2AF56E0519BDCC4400383958 /* Build configuration list for PBXNativeTarget "Web Service ExampleTests" */;
			buildPhases = (
				2AF56DF419BDCC4400383958 /* Sources */,
				2AF56DF519BDCC4400383958 /* Frameworks */,
				2AF56DF619BDCC4400383958 /* Resources */,
			);
			buildRules = (
			);
			dependencies = (
				2AF56DFA19BDCC4400383958 /* PBXTargetDependency */,
			);
			name = "Web Service ExampleTests";
			productName = "Web Service ExampleTests";
			productReference = 2AF56DF819BDCC4400383958 /* Web Service ExampleTests.xctest */;
			productType = "com.apple.product-type.bundle.unit-test";
		};
/* End PBXNativeTarget section */

/* Begin PBXProject section */
		2AF56DDE19BDCC4400383958 /* Project object */ = {
			isa = PBXProject;
			attributes = {
				LastUpgradeCheck = 0600;
				ORGANIZATIONNAME = "Andrew Varvel";
				TargetAttributes = {
					2AF56DE519BDCC4400383958 = {
						CreatedOnToolsVersion = 6.0;
					};
					2AF56DF719BDCC4400383958 = {
						CreatedOnToolsVersion = 6.0;
						TestTargetID = 2AF56DE519BDCC4400383958;
					};
				};
			};
			buildConfigurationList = 2AF56DE119BDCC4400383958 /* Build configuration list for PBXProject "Web Service Example" */;
			compatibilityVersion = "Xcode 3.2";
			developmentRegion = English;
			hasScannedForEncodings = 0;
			knownRegions = (
				en,
				Base,
			);
			mainGroup = 2AF56DDD19BDCC4400383958;
			productRefGroup = 2AF56DE719BDCC4400383958 /* Products */;
			projectDirPath = "";
			projectRoot = "";
			targets = (
				2AF56DE519BDCC4400383958 /* Web Service Example */,
				2AF56DF719BDCC4400383958 /* Web Service ExampleTests */,
			);
		};
/* End PBXProject section */

/* Begin PBXResourcesBuildPhase section */
		2AF56DE419BDCC4400383958 /* Resources */ = {
			isa = PBXResourcesBuildPhase;
			buildActionMask = 2147483647;
			files = (
				2AF56DF119BDCC4400383958 /* Main.storyboard in Resources */,
				2AF56DF319BDCC4400383958 /* Images.xcassets in Resources */,
			);
			runOnlyForDeploymentPostprocessing = 0;
		};
		2AF56DF619BDCC4400383958 /* Resources */ = {
			isa = PBXResourcesBuildPhase;
			buildActionMask = 2147483647;
			files = (
			);
			runOnlyForDeploymentPostprocessing = 0;
		};
/* End PBXResourcesBuildPhase section */

/* Begin PBXSourcesBuildPhase section */
		2AF56DE219BDCC4400383958 /* Sources */ = {
			isa = PBXSourcesBuildPhase;
			buildActionMask = 2147483647;
			files = (
				2AF56E2219BDCCCE00383958 /* AFURLRequestSerialization.m in Sources */,
				2AF56E2119BDCCCE00383958 /* AFURLConnectionOperation.m in Sources */,
				2AF56E2019BDCCCE00383958 /* AFSecurityPolicy.m in Sources */,
				2AF56E1C19BDCCCE00383958 /* AFHTTPRequestOperation.m in Sources */,
				2AF56E2419BDCCCE00383958 /* AFURLSessionManager.m in Sources */,
				2AF56E2319BDCCCE00383958 /* AFURLResponseSerialization.m in Sources */,
				2AF56DEE19BDCC4400383958 /* ViewController.swift in Sources */,
				2AF56E1E19BDCCCE00383958 /* AFHTTPSessionManager.m in Sources */,
				2AF56E1D19BDCCCE00383958 /* AFHTTPRequestOperationManager.m in Sources */,
				2AF56E1F19BDCCCE00383958 /* AFNetworkReachabilityManager.m in Sources */,
				2AF56DEC19BDCC4400383958 /* AppDelegate.swift in Sources */,
			);
			runOnlyForDeploymentPostprocessing = 0;
		};
		2AF56DF419BDCC4400383958 /* Sources */ = {
			isa = PBXSourcesBuildPhase;
			buildActionMask = 2147483647;
			files = (
				2AF56DFF19BDCC4400383958 /* Web_Service_ExampleTests.swift in Sources */,
			);
			runOnlyForDeploymentPostprocessing = 0;
		};
/* End PBXSourcesBuildPhase section */

/* Begin PBXTargetDependency section */
		2AF56DFA19BDCC4400383958 /* PBXTargetDependency */ = {
			isa = PBXTargetDependency;
			target = 2AF56DE519BDCC4400383958 /* Web Service Example */;
			targetProxy = 2AF56DF919BDCC4400383958 /* PBXContainerItemProxy */;
		};
/* End PBXTargetDependency section */

/* Begin PBXVariantGroup section */
		2AF56DEF19BDCC4400383958 /* Main.storyboard */ = {
			isa = PBXVariantGroup;
			children = (
				2AF56DF019BDCC4400383958 /* Base */,
			);
			name = Main.storyboard;
			sourceTree = "<group>";
		};
/* End PBXVariantGroup section */

/* Begin XCBuildConfiguration section */
		2AF56E0019BDCC4400383958 /* Debug */ = {
			isa = XCBuildConfiguration;
			buildSettings = {
				ALWAYS_SEARCH_USER_PATHS = NO;
				CLANG_CXX_LANGUAGE_STANDARD = "gnu++0x";
				CLANG_CXX_LIBRARY = "libc++";
				CLANG_ENABLE_MODULES = YES;
				CLANG_ENABLE_OBJC_ARC = YES;
				CLANG_WARN_BOOL_CONVERSION = YES;
				CLANG_WARN_CONSTANT_CONVERSION = YES;
				CLANG_WARN_DIRECT_OBJC_ISA_USAGE = YES_ERROR;
				CLANG_WARN_EMPTY_BODY = YES;
				CLANG_WARN_ENUM_CONVERSION = YES;
				CLANG_WARN_INT_CONVERSION = YES;
				CLANG_WARN_OBJC_ROOT_CLASS = YES_ERROR;
				CLANG_WARN_UNREACHABLE_CODE = YES;
				CLANG_WARN__DUPLICATE_METHOD_MATCH = YES;
				"CODE_SIGN_IDENTITY[sdk=iphoneos*]" = "iPhone Developer";
				COPY_PHASE_STRIP = NO;
				ENABLE_STRICT_OBJC_MSGSEND = YES;
				GCC_C_LANGUAGE_STANDARD = gnu99;
				GCC_DYNAMIC_NO_PIC = NO;
				GCC_OPTIMIZATION_LEVEL = 0;
				GCC_PREPROCESSOR_DEFINITIONS = (
					"DEBUG=1",
					"$(inherited)",
				);
				GCC_SYMBOLS_PRIVATE_EXTERN = NO;
				GCC_WARN_64_TO_32_BIT_CONVERSION = YES;
				GCC_WARN_ABOUT_RETURN_TYPE = YES_ERROR;
				GCC_WARN_UNDECLARED_SELECTOR = YES;
				GCC_WARN_UNINITIALIZED_AUTOS = YES_AGGRESSIVE;
				GCC_WARN_UNUSED_FUNCTION = YES;
				GCC_WARN_UNUSED_VARIABLE = YES;
				IPHONEOS_DEPLOYMENT_TARGET = 8.0;
				MTL_ENABLE_DEBUG_INFO = YES;
				ONLY_ACTIVE_ARCH = YES;
				SDKROOT = iphoneos;
				SWIFT_OPTIMIZATION_LEVEL = "-Onone";
			};
			name = Debug;
		};
		2AF56E0119BDCC4400383958 /* Release */ = {
			isa = XCBuildConfiguration;
			buildSettings = {
				ALWAYS_SEARCH_USER_PATHS = NO;
				CLANG_CXX_LANGUAGE_STANDARD = "gnu++0x";
				CLANG_CXX_LIBRARY = "libc++";
				CLANG_ENABLE_MODULES = YES;
				CLANG_ENABLE_OBJC_ARC = YES;
				CLANG_WARN_BOOL_CONVERSION = YES;
				CLANG_WARN_CONSTANT_CONVERSION = YES;
				CLANG_WARN_DIRECT_OBJC_ISA_USAGE = YES_ERROR;
				CLANG_WARN_EMPTY_BODY = YES;
				CLANG_WARN_ENUM_CONVERSION = YES;
				CLANG_WARN_INT_CONVERSION = YES;
				CLANG_WARN_OBJC_ROOT_CLASS = YES_ERROR;
				CLANG_WARN_UNREACHABLE_CODE = YES;
				CLANG_WARN__DUPLICATE_METHOD_MATCH = YES;
				"CODE_SIGN_IDENTITY[sdk=iphoneos*]" = "iPhone Developer";
				COPY_PHASE_STRIP = YES;
				ENABLE_NS_ASSERTIONS = NO;
				ENABLE_STRICT_OBJC_MSGSEND = YES;
				GCC_C_LANGUAGE_STANDARD = gnu99;
				GCC_WARN_64_TO_32_BIT_CONVERSION = YES;
				GCC_WARN_ABOUT_RETURN_TYPE = YES_ERROR;
				GCC_WARN_UNDECLARED_SELECTOR = YES;
				GCC_WARN_UNINITIALIZED_AUTOS = YES_AGGRESSIVE;
				GCC_WARN_UNUSED_FUNCTION = YES;
				GCC_WARN_UNUSED_VARIABLE = YES;
				IPHONEOS_DEPLOYMENT_TARGET = 8.0;
				MTL_ENABLE_DEBUG_INFO = NO;
				SDKROOT = iphoneos;
				VALIDATE_PRODUCT = YES;
			};
			name = Release;
		};
		2AF56E0319BDCC4400383958 /* Debug */ = {
			isa = XCBuildConfiguration;
			buildSettings = {
				ASSETCATALOG_COMPILER_APPICON_NAME = AppIcon;
				ASSETCATALOG_COMPILER_LAUNCHIMAGE_NAME = LaunchImage;
				DEFINES_MODULE = YES;
				INFOPLIST_FILE = "Web Service Example/Info.plist";
				LD_RUNPATH_SEARCH_PATHS = "$(inherited) @executable_path/Frameworks";
				PRODUCT_NAME = "$(TARGET_NAME)";
				SWIFT_OBJC_BRIDGING_HEADER = bridge.h;
			};
			name = Debug;
		};
		2AF56E0419BDCC4400383958 /* Release */ = {
			isa = XCBuildConfiguration;
			buildSettings = {
				ASSETCATALOG_COMPILER_APPICON_NAME = AppIcon;
				ASSETCATALOG_COMPILER_LAUNCHIMAGE_NAME = LaunchImage;
				DEFINES_MODULE = YES;
				INFOPLIST_FILE = "Web Service Example/Info.plist";
				LD_RUNPATH_SEARCH_PATHS = "$(inherited) @executable_path/Frameworks";
				PRODUCT_NAME = "$(TARGET_NAME)";
				SWIFT_OBJC_BRIDGING_HEADER = bridge.h;
			};
			name = Release;
		};
		2AF56E0619BDCC4400383958 /* Debug */ = {
			isa = XCBuildConfiguration;
			buildSettings = {
				BUNDLE_LOADER = "$(TEST_HOST)";
				FRAMEWORK_SEARCH_PATHS = (
					"$(SDKROOT)/Developer/Library/Frameworks",
					"$(inherited)",
				);
				GCC_PREPROCESSOR_DEFINITIONS = (
					"DEBUG=1",
					"$(inherited)",
				);
				INFOPLIST_FILE = "Web Service ExampleTests/Info.plist";
				LD_RUNPATH_SEARCH_PATHS = "$(inherited) @executable_path/Frameworks @loader_path/Frameworks";
				PRODUCT_NAME = "$(TARGET_NAME)";
				TEST_HOST = "$(BUILT_PRODUCTS_DIR)/Web Service Example.app/Web Service Example";
			};
			name = Debug;
		};
		2AF56E0719BDCC4400383958 /* Release */ = {
			isa = XCBuildConfiguration;
			buildSettings = {
				BUNDLE_LOADER = "$(TEST_HOST)";
				FRAMEWORK_SEARCH_PATHS = (
					"$(SDKROOT)/Developer/Library/Frameworks",
					"$(inherited)",
				);
				INFOPLIST_FILE = "Web Service ExampleTests/Info.plist";
				LD_RUNPATH_SEARCH_PATHS = "$(inherited) @executable_path/Frameworks @loader_path/Frameworks";
				PRODUCT_NAME = "$(TARGET_NAME)";
				TEST_HOST = "$(BUILT_PRODUCTS_DIR)/Web Service Example.app/Web Service Example";
			};
			name = Release;
		};
/* End XCBuildConfiguration section */

/* Begin XCConfigurationList section */
		2AF56DE119BDCC4400383958 /* Build configuration list for PBXProject "Web Service Example" */ = {
			isa = XCConfigurationList;
			buildConfigurations = (
				2AF56E0019BDCC4400383958 /* Debug */,
				2AF56E0119BDCC4400383958 /* Release */,
			);
			defaultConfigurationIsVisible = 0;
			defaultConfigurationName = Release;
		};
		2AF56E0219BDCC4400383958 /* Build configuration list for PBXNativeTarget "Web Service Example" */ = {
			isa = XCConfigurationList;
			buildConfigurations = (
				2AF56E0319BDCC4400383958 /* Debug */,
				2AF56E0419BDCC4400383958 /* Release */,
			);
			defaultConfigurationIsVisible = 0;
			defaultConfigurationName = Release;
		};
		2AF56E0519BDCC4400383958 /* Build configuration list for PBXNativeTarget "Web Service ExampleTests" */ = {
			isa = XCConfigurationList;
			buildConfigurations = (
				2AF56E0619BDCC4400383958 /* Debug */,
				2AF56E0719BDCC4400383958 /* Release */,
			);
			defaultConfigurationIsVisible = 0;
			defaultConfigurationName = Release;
		};
/* End XCConfigurationList section */
	};
	rootObject = 2AF56DDE19BDCC4400383958 /* Project object */;
}
